// !$*UTF8*$!
{
	archiveVersion = 1;
	classes = {
	};
	objectVersion = 46;
	objects = {

/* Begin PBXBuildFile section */
		4502E22E19A0DFC100A6FE83 /* AVFoundation.framework in Frameworks */ = {isa = PBXBuildFile; fileRef = 4502E22D19A0DFC100A6FE83 /* AVFoundation.framework */; };
		4502E23019A0DFEC00A6FE83 /* AudioToolbox.framework in Frameworks */ = {isa = PBXBuildFile; fileRef = 4502E22F19A0DFEC00A6FE83 /* AudioToolbox.framework */; };
		4502E23419A0E24500A6FE83 /* backgroundMusic.mp3 in Resources */ = {isa = PBXBuildFile; fileRef = 4502E23319A0E24500A6FE83 /* backgroundMusic.mp3 */; };
		4502E23819A0E2CB00A6FE83 /* amazingblock_splashscreen_@2x.png in Resources */ = {isa = PBXBuildFile; fileRef = 4502E23619A0E2CB00A6FE83 /* amazingblock_splashscreen_@2x.png */; };
		4502E23919A0E2CB00A6FE83 /* amazingblock_splashscreen_r4@2x.png in Resources */ = {isa = PBXBuildFile; fileRef = 4502E23719A0E2CB00A6FE83 /* amazingblock_splashscreen_r4@2x.png */; };
		4502E24019A0EF6500A6FE83 /* amzingblock_logo_1024.png in Resources */ = {isa = PBXBuildFile; fileRef = 4502E23B19A0EF6500A6FE83 /* amzingblock_logo_1024.png */; };
		4502E24119A0EF6500A6FE83 /* amzingblock_logo_29pt.png in Resources */ = {isa = PBXBuildFile; fileRef = 4502E23C19A0EF6500A6FE83 /* amzingblock_logo_29pt.png */; };
		4502E24219A0EF6500A6FE83 /* amzingblock_logo_40pt.png in Resources */ = {isa = PBXBuildFile; fileRef = 4502E23D19A0EF6500A6FE83 /* amzingblock_logo_40pt.png */; };
		4502E24319A0EF6500A6FE83 /* amzingblock_logo_60pt.png in Resources */ = {isa = PBXBuildFile; fileRef = 4502E23E19A0EF6500A6FE83 /* amzingblock_logo_60pt.png */; };
		4502E24419A0EF6500A6FE83 /* Thumbs.db in Resources */ = {isa = PBXBuildFile; fileRef = 4502E23F19A0EF6500A6FE83 /* Thumbs.db */; };
		4502E24719A0F20F00A6FE83 /* arrow.png in Resources */ = {isa = PBXBuildFile; fileRef = 4502E24519A0F20F00A6FE83 /* arrow.png */; };
		4502E24819A0F20F00A6FE83 /* arrow@2x.png in Resources */ = {isa = PBXBuildFile; fileRef = 4502E24619A0F20F00A6FE83 /* arrow@2x.png */; };
		4502E24B19A0F62B00A6FE83 /* arrow-left.png in Resources */ = {isa = PBXBuildFile; fileRef = 4502E24919A0F62B00A6FE83 /* arrow-left.png */; };
		4502E24C19A0F62B00A6FE83 /* arrow-left@2x.png in Resources */ = {isa = PBXBuildFile; fileRef = 4502E24A19A0F62B00A6FE83 /* arrow-left@2x.png */; };
		4502E24F19A101F300A6FE83 /* StartScene.m in Sources */ = {isa = PBXBuildFile; fileRef = 4502E24E19A101F300A6FE83 /* StartScene.m */; };
		4502E25119A1046B00A6FE83 /* start_background@2x.png in Resources */ = {isa = PBXBuildFile; fileRef = 4502E25019A1046B00A6FE83 /* start_background@2x.png */; };
		4502E25419A1065800A6FE83 /* button.png in Resources */ = {isa = PBXBuildFile; fileRef = 4502E25219A1065800A6FE83 /* button.png */; };
		4502E25519A1065800A6FE83 /* button@2x.png in Resources */ = {isa = PBXBuildFile; fileRef = 4502E25319A1065800A6FE83 /* button@2x.png */; };
		456BB786196B21D100F2A75C /* Foundation.framework in Frameworks */ = {isa = PBXBuildFile; fileRef = 456BB785196B21D100F2A75C /* Foundation.framework */; };
		456BB788196B21D100F2A75C /* CoreGraphics.framework in Frameworks */ = {isa = PBXBuildFile; fileRef = 456BB787196B21D100F2A75C /* CoreGraphics.framework */; };
		456BB78A196B21D100F2A75C /* UIKit.framework in Frameworks */ = {isa = PBXBuildFile; fileRef = 456BB789196B21D100F2A75C /* UIKit.framework */; };
		456BB78C196B21D100F2A75C /* SpriteKit.framework in Frameworks */ = {isa = PBXBuildFile; fileRef = 456BB78B196B21D100F2A75C /* SpriteKit.framework */; };
		456BB792196B21D100F2A75C /* InfoPlist.strings in Resources */ = {isa = PBXBuildFile; fileRef = 456BB790196B21D100F2A75C /* InfoPlist.strings */; };
		456BB794196B21D100F2A75C /* main.m in Sources */ = {isa = PBXBuildFile; fileRef = 456BB793196B21D100F2A75C /* main.m */; };
		456BB798196B21D100F2A75C /* AppDelegate.m in Sources */ = {isa = PBXBuildFile; fileRef = 456BB797196B21D100F2A75C /* AppDelegate.m */; };
		456BB79B196B21D100F2A75C /* Main.storyboard in Resources */ = {isa = PBXBuildFile; fileRef = 456BB799196B21D100F2A75C /* Main.storyboard */; };
		456BB79E196B21D100F2A75C /* ViewController.m in Sources */ = {isa = PBXBuildFile; fileRef = 456BB79D196B21D100F2A75C /* ViewController.m */; };
		456BB7A1196B21D100F2A75C /* MyScene.m in Sources */ = {isa = PBXBuildFile; fileRef = 456BB7A0196B21D100F2A75C /* MyScene.m */; };
		456BB7A5196B21D100F2A75C /* Images.xcassets in Resources */ = {isa = PBXBuildFile; fileRef = 456BB7A4196B21D100F2A75C /* Images.xcassets */; };
		456BB7AC196B21D100F2A75C /* XCTest.framework in Frameworks */ = {isa = PBXBuildFile; fileRef = 456BB7AB196B21D100F2A75C /* XCTest.framework */; };
		456BB7AD196B21D100F2A75C /* Foundation.framework in Frameworks */ = {isa = PBXBuildFile; fileRef = 456BB785196B21D100F2A75C /* Foundation.framework */; };
		456BB7AE196B21D100F2A75C /* UIKit.framework in Frameworks */ = {isa = PBXBuildFile; fileRef = 456BB789196B21D100F2A75C /* UIKit.framework */; };
		456BB7B6196B21D100F2A75C /* InfoPlist.strings in Resources */ = {isa = PBXBuildFile; fileRef = 456BB7B4196B21D100F2A75C /* InfoPlist.strings */; };
		456BB7B8196B21D100F2A75C /* BreakingBricksTests.m in Sources */ = {isa = PBXBuildFile; fileRef = 456BB7B7196B21D100F2A75C /* BreakingBricksTests.m */; };
		45750D5F196C528B00280DEA /* blip.caf in Resources */ = {isa = PBXBuildFile; fileRef = 45750D5C196C528B00280DEA /* blip.caf */; };
		45750D60196C528B00280DEA /* brickhit.caf in Resources */ = {isa = PBXBuildFile; fileRef = 45750D5D196C528B00280DEA /* brickhit.caf */; };
		45750D61196C528B00280DEA /* gameover.caf in Resources */ = {isa = PBXBuildFile; fileRef = 45750D5E196C528B00280DEA /* gameover.caf */; };
		45750D64196C65DB00280DEA /* EndScene.m in Sources */ = {isa = PBXBuildFile; fileRef = 45750D63196C65DB00280DEA /* EndScene.m */; };
		45FB42E319A10CF20010C4B0 /* restart-background@2x.png in Resources */ = {isa = PBXBuildFile; fileRef = 45FB42E219A10CF20010C4B0 /* restart-background@2x.png */; };
/* End PBXBuildFile section */

/* Begin PBXContainerItemProxy section */
		456BB7AF196B21D100F2A75C /* PBXContainerItemProxy */ = {
			isa = PBXContainerItemProxy;
			containerPortal = 456BB77A196B21D000F2A75C /* Project object */;
			proxyType = 1;
			remoteGlobalIDString = 456BB781196B21D100F2A75C;
			remoteInfo = BreakingBricks;
		};
/* End PBXContainerItemProxy section */

/* Begin PBXFileReference section */
		4502E22D19A0DFC100A6FE83 /* AVFoundation.framework */ = {isa = PBXFileReference; lastKnownFileType = wrapper.framework; name = AVFoundation.framework; path = System/Library/Frameworks/AVFoundation.framework; sourceTree = SDKROOT; };
		4502E22F19A0DFEC00A6FE83 /* AudioToolbox.framework */ = {isa = PBXFileReference; lastKnownFileType = wrapper.framework; name = AudioToolbox.framework; path = System/Library/Frameworks/AudioToolbox.framework; sourceTree = SDKROOT; };
		4502E23319A0E24500A6FE83 /* backgroundMusic.mp3 */ = {isa = PBXFileReference; lastKnownFileType = audio.mp3; path = backgroundMusic.mp3; sourceTree = "<group>"; };
		4502E23619A0E2CB00A6FE83 /* amazingblock_splashscreen_@2x.png */ = {isa = PBXFileReference; lastKnownFileType = image.png; path = "amazingblock_splashscreen_@2x.png"; sourceTree = "<group>"; };
		4502E23719A0E2CB00A6FE83 /* amazingblock_splashscreen_r4@2x.png */ = {isa = PBXFileReference; lastKnownFileType = image.png; path = "amazingblock_splashscreen_r4@2x.png"; sourceTree = "<group>"; };
		4502E23B19A0EF6500A6FE83 /* amzingblock_logo_1024.png */ = {isa = PBXFileReference; lastKnownFileType = image.png; path = amzingblock_logo_1024.png; sourceTree = "<group>"; };
		4502E23C19A0EF6500A6FE83 /* amzingblock_logo_29pt.png */ = {isa = PBXFileReference; lastKnownFileType = image.png; path = amzingblock_logo_29pt.png; sourceTree = "<group>"; };
		4502E23D19A0EF6500A6FE83 /* amzingblock_logo_40pt.png */ = {isa = PBXFileReference; lastKnownFileType = image.png; path = amzingblock_logo_40pt.png; sourceTree = "<group>"; };
		4502E23E19A0EF6500A6FE83 /* amzingblock_logo_60pt.png */ = {isa = PBXFileReference; lastKnownFileType = image.png; path = amzingblock_logo_60pt.png; sourceTree = "<group>"; };
		4502E23F19A0EF6500A6FE83 /* Thumbs.db */ = {isa = PBXFileReference; lastKnownFileType = file; path = Thumbs.db; sourceTree = "<group>"; };
		4502E24519A0F20F00A6FE83 /* arrow.png */ = {isa = PBXFileReference; lastKnownFileType = image.png; path = arrow.png; sourceTree = "<group>"; };
		4502E24619A0F20F00A6FE83 /* arrow@2x.png */ = {isa = PBXFileReference; lastKnownFileType = image.png; path = "arrow@2x.png"; sourceTree = "<group>"; };
		4502E24919A0F62B00A6FE83 /* arrow-left.png */ = {isa = PBXFileReference; lastKnownFileType = image.png; path = "arrow-left.png"; sourceTree = "<group>"; };
		4502E24A19A0F62B00A6FE83 /* arrow-left@2x.png */ = {isa = PBXFileReference; lastKnownFileType = image.png; path = "arrow-left@2x.png"; sourceTree = "<group>"; };
		4502E24D19A101F300A6FE83 /* StartScene.h */ = {isa = PBXFileReference; fileEncoding = 4; lastKnownFileType = sourcecode.c.h; path = StartScene.h; sourceTree = "<group>"; };
		4502E24E19A101F300A6FE83 /* StartScene.m */ = {isa = PBXFileReference; fileEncoding = 4; lastKnownFileType = sourcecode.c.objc; path = StartScene.m; sourceTree = "<group>"; };
		4502E25019A1046B00A6FE83 /* start_background@2x.png */ = {isa = PBXFileReference; lastKnownFileType = image.png; path = "start_background@2x.png"; sourceTree = "<group>"; };
		4502E25219A1065800A6FE83 /* button.png */ = {isa = PBXFileReference; lastKnownFileType = image.png; path = button.png; sourceTree = "<group>"; };
		4502E25319A1065800A6FE83 /* button@2x.png */ = {isa = PBXFileReference; lastKnownFileType = image.png; path = "button@2x.png"; sourceTree = "<group>"; };
		456BB782196B21D100F2A75C /* Amazing Block.app */ = {isa = PBXFileReference; explicitFileType = wrapper.application; includeInIndex = 0; path = "Amazing Block.app"; sourceTree = BUILT_PRODUCTS_DIR; };
		456BB785196B21D100F2A75C /* Foundation.framework */ = {isa = PBXFileReference; lastKnownFileType = wrapper.framework; name = Foundation.framework; path = System/Library/Frameworks/Foundation.framework; sourceTree = SDKROOT; };
		456BB787196B21D100F2A75C /* CoreGraphics.framework */ = {isa = PBXFileReference; lastKnownFileType = wrapper.framework; name = CoreGraphics.framework; path = System/Library/Frameworks/CoreGraphics.framework; sourceTree = SDKROOT; };
		456BB789196B21D100F2A75C /* UIKit.framework */ = {isa = PBXFileReference; lastKnownFileType = wrapper.framework; name = UIKit.framework; path = System/Library/Frameworks/UIKit.framework; sourceTree = SDKROOT; };
		456BB78B196B21D100F2A75C /* SpriteKit.framework */ = {isa = PBXFileReference; lastKnownFileType = wrapper.framework; name = SpriteKit.framework; path = System/Library/Frameworks/SpriteKit.framework; sourceTree = SDKROOT; };
		456BB78F196B21D100F2A75C /* Amazing Block-Info.plist */ = {isa = PBXFileReference; lastKnownFileType = text.plist.xml; path = "Amazing Block-Info.plist"; sourceTree = "<group>"; };
		456BB791196B21D100F2A75C /* en */ = {isa = PBXFileReference; lastKnownFileType = text.plist.strings; name = en; path = en.lproj/InfoPlist.strings; sourceTree = "<group>"; };
		456BB793196B21D100F2A75C /* main.m */ = {isa = PBXFileReference; lastKnownFileType = sourcecode.c.objc; path = main.m; sourceTree = "<group>"; };
		456BB795196B21D100F2A75C /* Amazing Block-Prefix.pch */ = {isa = PBXFileReference; lastKnownFileType = sourcecode.c.h; path = "Amazing Block-Prefix.pch"; sourceTree = "<group>"; };
		456BB796196B21D100F2A75C /* AppDelegate.h */ = {isa = PBXFileReference; lastKnownFileType = sourcecode.c.h; path = AppDelegate.h; sourceTree = "<group>"; };
		456BB797196B21D100F2A75C /* AppDelegate.m */ = {isa = PBXFileReference; lastKnownFileType = sourcecode.c.objc; path = AppDelegate.m; sourceTree = "<group>"; };
		456BB79A196B21D100F2A75C /* Base */ = {isa = PBXFileReference; lastKnownFileType = file.storyboard; name = Base; path = Base.lproj/Main.storyboard; sourceTree = "<group>"; };
		456BB79C196B21D100F2A75C /* ViewController.h */ = {isa = PBXFileReference; lastKnownFileType = sourcecode.c.h; path = ViewController.h; sourceTree = "<group>"; };
		456BB79D196B21D100F2A75C /* ViewController.m */ = {isa = PBXFileReference; lastKnownFileType = sourcecode.c.objc; path = ViewController.m; sourceTree = "<group>"; };
		456BB79F196B21D100F2A75C /* MyScene.h */ = {isa = PBXFileReference; lastKnownFileType = sourcecode.c.h; path = MyScene.h; sourceTree = "<group>"; };
		456BB7A0196B21D100F2A75C /* MyScene.m */ = {isa = PBXFileReference; lastKnownFileType = sourcecode.c.objc; path = MyScene.m; sourceTree = "<group>"; };
		456BB7A4196B21D100F2A75C /* Images.xcassets */ = {isa = PBXFileReference; lastKnownFileType = folder.assetcatalog; path = Images.xcassets; sourceTree = "<group>"; };
		456BB7AA196B21D100F2A75C /* Amazing BlockTests.xctest */ = {isa = PBXFileReference; explicitFileType = wrapper.cfbundle; includeInIndex = 0; path = "Amazing BlockTests.xctest"; sourceTree = BUILT_PRODUCTS_DIR; };
		456BB7AB196B21D100F2A75C /* XCTest.framework */ = {isa = PBXFileReference; lastKnownFileType = wrapper.framework; name = XCTest.framework; path = Library/Frameworks/XCTest.framework; sourceTree = DEVELOPER_DIR; };
		456BB7B3196B21D100F2A75C /* Amazing BlockTests-Info.plist */ = {isa = PBXFileReference; lastKnownFileType = text.plist.xml; path = "Amazing BlockTests-Info.plist"; sourceTree = "<group>"; };
		456BB7B5196B21D100F2A75C /* en */ = {isa = PBXFileReference; lastKnownFileType = text.plist.strings; name = en; path = en.lproj/InfoPlist.strings; sourceTree = "<group>"; };
		456BB7B7196B21D100F2A75C /* BreakingBricksTests.m */ = {isa = PBXFileReference; lastKnownFileType = sourcecode.c.objc; path = BreakingBricksTests.m; sourceTree = "<group>"; };
		45750D5C196C528B00280DEA /* blip.caf */ = {isa = PBXFileReference; lastKnownFileType = file; path = blip.caf; sourceTree = "<group>"; };
		45750D5D196C528B00280DEA /* brickhit.caf */ = {isa = PBXFileReference; lastKnownFileType = file; path = brickhit.caf; sourceTree = "<group>"; };
		45750D5E196C528B00280DEA /* gameover.caf */ = {isa = PBXFileReference; lastKnownFileType = file; path = gameover.caf; sourceTree = "<group>"; };
		45750D62196C65DB00280DEA /* EndScene.h */ = {isa = PBXFileReference; fileEncoding = 4; lastKnownFileType = sourcecode.c.h; name = EndScene.h; path = ../EndScene.h; sourceTree = "<group>"; };
		45750D63196C65DB00280DEA /* EndScene.m */ = {isa = PBXFileReference; fileEncoding = 4; lastKnownFileType = sourcecode.c.objc; name = EndScene.m; path = ../EndScene.m; sourceTree = "<group>"; };
		45FB42E219A10CF20010C4B0 /* restart-background@2x.png */ = {isa = PBXFileReference; lastKnownFileType = image.png; path = "restart-background@2x.png"; sourceTree = "<group>"; };
/* End PBXFileReference section */

/* Begin PBXFrameworksBuildPhase section */
		456BB77F196B21D100F2A75C /* Frameworks */ = {
			isa = PBXFrameworksBuildPhase;
			buildActionMask = 2147483647;
			files = (
				4502E23019A0DFEC00A6FE83 /* AudioToolbox.framework in Frameworks */,
				4502E22E19A0DFC100A6FE83 /* AVFoundation.framework in Frameworks */,
				456BB788196B21D100F2A75C /* CoreGraphics.framework in Frameworks */,
				456BB78A196B21D100F2A75C /* UIKit.framework in Frameworks */,
				456BB78C196B21D100F2A75C /* SpriteKit.framework in Frameworks */,
				456BB786196B21D100F2A75C /* Foundation.framework in Frameworks */,
			);
			runOnlyForDeploymentPostprocessing = 0;
		};
		456BB7A7196B21D100F2A75C /* Frameworks */ = {
			isa = PBXFrameworksBuildPhase;
			buildActionMask = 2147483647;
			files = (
				456BB7AC196B21D100F2A75C /* XCTest.framework in Frameworks */,
				456BB7AE196B21D100F2A75C /* UIKit.framework in Frameworks */,
				456BB7AD196B21D100F2A75C /* Foundation.framework in Frameworks */,
			);
			runOnlyForDeploymentPostprocessing = 0;
		};
/* End PBXFrameworksBuildPhase section */

/* Begin PBXGroup section */
		4502E23519A0E2BF00A6FE83 /* images */ = {
			isa = PBXGroup;
			children = (
				4502E23A19A0EF6500A6FE83 /* icons */,
				4502E23619A0E2CB00A6FE83 /* amazingblock_splashscreen_@2x.png */,
				4502E23719A0E2CB00A6FE83 /* amazingblock_splashscreen_r4@2x.png */,
				4502E24919A0F62B00A6FE83 /* arrow-left.png */,
				4502E24A19A0F62B00A6FE83 /* arrow-left@2x.png */,
				4502E24519A0F20F00A6FE83 /* arrow.png */,
				4502E24619A0F20F00A6FE83 /* arrow@2x.png */,
				4502E25019A1046B00A6FE83 /* start_background@2x.png */,
				4502E25219A1065800A6FE83 /* button.png */,
				4502E25319A1065800A6FE83 /* button@2x.png */,
				45FB42E219A10CF20010C4B0 /* restart-background@2x.png */,
			);
			name = images;
			sourceTree = "<group>";
		};
		4502E23A19A0EF6500A6FE83 /* icons */ = {
			isa = PBXGroup;
			children = (
				4502E23B19A0EF6500A6FE83 /* amzingblock_logo_1024.png */,
				4502E23C19A0EF6500A6FE83 /* amzingblock_logo_29pt.png */,
				4502E23D19A0EF6500A6FE83 /* amzingblock_logo_40pt.png */,
				4502E23E19A0EF6500A6FE83 /* amzingblock_logo_60pt.png */,
				4502E23F19A0EF6500A6FE83 /* Thumbs.db */,
			);
			path = icons;
			sourceTree = "<group>";
		};
		456BB779196B21D000F2A75C = {
			isa = PBXGroup;
			children = (
				456BB78D196B21D100F2A75C /* AmazingBlock */,
				456BB7B1196B21D100F2A75C /* BreakingBricksTests */,
				456BB784196B21D100F2A75C /* Frameworks */,
				456BB783196B21D100F2A75C /* Products */,
			);
			sourceTree = "<group>";
		};
		456BB783196B21D100F2A75C /* Products */ = {
			isa = PBXGroup;
			children = (
				456BB782196B21D100F2A75C /* Amazing Block.app */,
				456BB7AA196B21D100F2A75C /* Amazing BlockTests.xctest */,
			);
			name = Products;
			sourceTree = "<group>";
		};
		456BB784196B21D100F2A75C /* Frameworks */ = {
			isa = PBXGroup;
			children = (
				4502E22F19A0DFEC00A6FE83 /* AudioToolbox.framework */,
				4502E22D19A0DFC100A6FE83 /* AVFoundation.framework */,
				456BB785196B21D100F2A75C /* Foundation.framework */,
				456BB787196B21D100F2A75C /* CoreGraphics.framework */,
				456BB789196B21D100F2A75C /* UIKit.framework */,
				456BB78B196B21D100F2A75C /* SpriteKit.framework */,
				456BB7AB196B21D100F2A75C /* XCTest.framework */,
			);
			name = Frameworks;
			sourceTree = "<group>";
		};
		456BB78D196B21D100F2A75C /* AmazingBlock */ = {
			isa = PBXGroup;
			children = (
				4502E23519A0E2BF00A6FE83 /* images */,
				45750D5B196C528B00280DEA /* gamesounds */,
				456BB796196B21D100F2A75C /* AppDelegate.h */,
				456BB797196B21D100F2A75C /* AppDelegate.m */,
				45750D62196C65DB00280DEA /* EndScene.h */,
				45750D63196C65DB00280DEA /* EndScene.m */,
				4502E24D19A101F300A6FE83 /* StartScene.h */,
				4502E24E19A101F300A6FE83 /* StartScene.m */,
				456BB799196B21D100F2A75C /* Main.storyboard */,
				456BB79C196B21D100F2A75C /* ViewController.h */,
				456BB79D196B21D100F2A75C /* ViewController.m */,
				456BB79F196B21D100F2A75C /* MyScene.h */,
				456BB7A0196B21D100F2A75C /* MyScene.m */,
				456BB7A4196B21D100F2A75C /* Images.xcassets */,
				456BB78E196B21D100F2A75C /* Supporting Files */,
			);
			name = AmazingBlock;
			path = BreakingBricks;
			sourceTree = "<group>";
		};
		456BB78E196B21D100F2A75C /* Supporting Files */ = {
			isa = PBXGroup;
			children = (
				456BB78F196B21D100F2A75C /* Amazing Block-Info.plist */,
				456BB790196B21D100F2A75C /* InfoPlist.strings */,
				456BB793196B21D100F2A75C /* main.m */,
				456BB795196B21D100F2A75C /* Amazing Block-Prefix.pch */,
			);
			name = "Supporting Files";
			sourceTree = "<group>";
		};
		456BB7B1196B21D100F2A75C /* BreakingBricksTests */ = {
			isa = PBXGroup;
			children = (
				456BB7B7196B21D100F2A75C /* BreakingBricksTests.m */,
				456BB7B2196B21D100F2A75C /* Supporting Files */,
			);
			path = BreakingBricksTests;
			sourceTree = "<group>";
		};
		456BB7B2196B21D100F2A75C /* Supporting Files */ = {
			isa = PBXGroup;
			children = (
				456BB7B3196B21D100F2A75C /* Amazing BlockTests-Info.plist */,
				456BB7B4196B21D100F2A75C /* InfoPlist.strings */,
			);
			name = "Supporting Files";
			sourceTree = "<group>";
		};
		45750D5B196C528B00280DEA /* gamesounds */ = {
			isa = PBXGroup;
			children = (
				4502E23319A0E24500A6FE83 /* backgroundMusic.mp3 */,
				45750D5C196C528B00280DEA /* blip.caf */,
				45750D5D196C528B00280DEA /* brickhit.caf */,
				45750D5E196C528B00280DEA /* gameover.caf */,
			);
			path = gamesounds;
			sourceTree = "<group>";
		};
/* End PBXGroup section */

/* Begin PBXNativeTarget section */
		456BB781196B21D100F2A75C /* Amazing Block */ = {
			isa = PBXNativeTarget;
			buildConfigurationList = 456BB7BB196B21D100F2A75C /* Build configuration list for PBXNativeTarget "Amazing Block" */;
			buildPhases = (
				456BB77E196B21D100F2A75C /* Sources */,
				456BB77F196B21D100F2A75C /* Frameworks */,
				456BB780196B21D100F2A75C /* Resources */,
			);
			buildRules = (
			);
			dependencies = (
			);
			name = "Amazing Block";
			productName = BreakingBricks;
			productReference = 456BB782196B21D100F2A75C /* Amazing Block.app */;
			productType = "com.apple.product-type.application";
		};
		456BB7A9196B21D100F2A75C /* Amazing BlockTests */ = {
			isa = PBXNativeTarget;
			buildConfigurationList = 456BB7BE196B21D100F2A75C /* Build configuration list for PBXNativeTarget "Amazing BlockTests" */;
			buildPhases = (
				456BB7A6196B21D100F2A75C /* Sources */,
				456BB7A7196B21D100F2A75C /* Frameworks */,
				456BB7A8196B21D100F2A75C /* Resources */,
			);
			buildRules = (
			);
			dependencies = (
				456BB7B0196B21D100F2A75C /* PBXTargetDependency */,
			);
			name = "Amazing BlockTests";
			productName = BreakingBricksTests;
			productReference = 456BB7AA196B21D100F2A75C /* Amazing BlockTests.xctest */;
			productType = "com.apple.product-type.bundle.unit-test";
		};
/* End PBXNativeTarget section */

/* Begin PBXProject section */
		456BB77A196B21D000F2A75C /* Project object */ = {
			isa = PBXProject;
			attributes = {
				LastUpgradeCheck = 0510;
				ORGANIZATIONNAME = "Hicham Chourak";
				TargetAttributes = {
					456BB7A9196B21D100F2A75C = {
						TestTargetID = 456BB781196B21D100F2A75C;
					};
				};
			};
			buildConfigurationList = 456BB77D196B21D000F2A75C /* Build configuration list for PBXProject "Amazing Block" */;
			compatibilityVersion = "Xcode 3.2";
			developmentRegion = English;
			hasScannedForEncodings = 0;
			knownRegions = (
				en,
				Base,
			);
			mainGroup = 456BB779196B21D000F2A75C;
			productRefGroup = 456BB783196B21D100F2A75C /* Products */;
			projectDirPath = "";
			projectRoot = "";
			targets = (
				456BB781196B21D100F2A75C /* Amazing Block */,
				456BB7A9196B21D100F2A75C /* Amazing BlockTests */,
			);
		};
/* End PBXProject section */

/* Begin PBXResourcesBuildPhase section */
		456BB780196B21D100F2A75C /* Resources */ = {
			isa = PBXResourcesBuildPhase;
			buildActionMask = 2147483647;
			files = (
				456BB792196B21D100F2A75C /* InfoPlist.strings in Resources */,
				4502E25419A1065800A6FE83 /* button.png in Resources */,
				45750D5F196C528B00280DEA /* blip.caf in Resources */,
				4502E23419A0E24500A6FE83 /* backgroundMusic.mp3 in Resources */,
				4502E23819A0E2CB00A6FE83 /* amazingblock_splashscreen_@2x.png in Resources */,
				4502E24819A0F20F00A6FE83 /* arrow@2x.png in Resources */,
				4502E24B19A0F62B00A6FE83 /* arrow-left.png in Resources */,
				45750D61196C528B00280DEA /* gameover.caf in Resources */,
				45FB42E319A10CF20010C4B0 /* restart-background@2x.png in Resources */,
				4502E25119A1046B00A6FE83 /* start_background@2x.png in Resources */,
				45750D60196C528B00280DEA /* brickhit.caf in Resources */,
				4502E23919A0E2CB00A6FE83 /* amazingblock_splashscreen_r4@2x.png in Resources */,
				4502E24319A0EF6500A6FE83 /* amzingblock_logo_60pt.png in Resources */,
				456BB7A5196B21D100F2A75C /* Images.xcassets in Resources */,
				4502E24219A0EF6500A6FE83 /* amzingblock_logo_40pt.png in Resources */,
				4502E24419A0EF6500A6FE83 /* Thumbs.db in Resources */,
				4502E24C19A0F62B00A6FE83 /* arrow-left@2x.png in Resources */,
				456BB79B196B21D100F2A75C /* Main.storyboard in Resources */,
				4502E24019A0EF6500A6FE83 /* amzingblock_logo_1024.png in Resources */,
				4502E24719A0F20F00A6FE83 /* arrow.png in Resources */,
				4502E25519A1065800A6FE83 /* button@2x.png in Resources */,
				4502E24119A0EF6500A6FE83 /* amzingblock_logo_29pt.png in Resources */,
			);
			runOnlyForDeploymentPostprocessing = 0;
		};
		456BB7A8196B21D100F2A75C /* Resources */ = {
			isa = PBXResourcesBuildPhase;
			buildActionMask = 2147483647;
			files = (
				456BB7B6196B21D100F2A75C /* InfoPlist.strings in Resources */,
			);
			runOnlyForDeploymentPostprocessing = 0;
		};
/* End PBXResourcesBuildPhase section */

/* Begin PBXSourcesBuildPhase section */
		456BB77E196B21D100F2A75C /* Sources */ = {
			isa = PBXSourcesBuildPhase;
			buildActionMask = 2147483647;
			files = (
				456BB7A1196B21D100F2A75C /* MyScene.m in Sources */,
				4502E24F19A101F300A6FE83 /* StartScene.m in Sources */,
				456BB79E196B21D100F2A75C /* ViewController.m in Sources */,
				456BB798196B21D100F2A75C /* AppDelegate.m in Sources */,
				456BB794196B21D100F2A75C /* main.m in Sources */,
				45750D64196C65DB00280DEA /* EndScene.m in Sources */,
			);
			runOnlyForDeploymentPostprocessing = 0;
		};
		456BB7A6196B21D100F2A75C /* Sources */ = {
			isa = PBXSourcesBuildPhase;
			buildActionMask = 2147483647;
			files = (
				456BB7B8196B21D100F2A75C /* BreakingBricksTests.m in Sources */,
			);
			runOnlyForDeploymentPostprocessing = 0;
		};
/* End PBXSourcesBuildPhase section */

/* Begin PBXTargetDependency section */
		456BB7B0196B21D100F2A75C /* PBXTargetDependency */ = {
			isa = PBXTargetDependency;
			target = 456BB781196B21D100F2A75C /* Amazing Block */;
			targetProxy = 456BB7AF196B21D100F2A75C /* PBXContainerItemProxy */;
		};
/* End PBXTargetDependency section */

/* Begin PBXVariantGroup section */
		456BB790196B21D100F2A75C /* InfoPlist.strings */ = {
			isa = PBXVariantGroup;
			children = (
				456BB791196B21D100F2A75C /* en */,
			);
			name = InfoPlist.strings;
			sourceTree = "<group>";
		};
		456BB799196B21D100F2A75C /* Main.storyboard */ = {
			isa = PBXVariantGroup;
			children = (
				456BB79A196B21D100F2A75C /* Base */,
			);
			name = Main.storyboard;
			sourceTree = "<group>";
		};
		456BB7B4196B21D100F2A75C /* InfoPlist.strings */ = {
			isa = PBXVariantGroup;
			children = (
				456BB7B5196B21D100F2A75C /* en */,
			);
			name = InfoPlist.strings;
			sourceTree = "<group>";
		};
/* End PBXVariantGroup section */

/* Begin XCBuildConfiguration section */
		456BB7B9196B21D100F2A75C /* Debug */ = {
			isa = XCBuildConfiguration;
			buildSettings = {
				ALWAYS_SEARCH_USER_PATHS = NO;
				CLANG_CXX_LANGUAGE_STANDARD = "gnu++0x";
				CLANG_CXX_LIBRARY = "libc++";
				CLANG_ENABLE_MODULES = YES;
				CLANG_ENABLE_OBJC_ARC = YES;
				CLANG_WARN_BOOL_CONVERSION = YES;
				CLANG_WARN_CONSTANT_CONVERSION = YES;
				CLANG_WARN_DIRECT_OBJC_ISA_USAGE = YES_ERROR;
				CLANG_WARN_EMPTY_BODY = YES;
				CLANG_WARN_ENUM_CONVERSION = YES;
				CLANG_WARN_INT_CONVERSION = YES;
				CLANG_WARN_OBJC_ROOT_CLASS = YES_ERROR;
				CLANG_WARN__DUPLICATE_METHOD_MATCH = YES;
				"CODE_SIGN_IDENTITY[sdk=iphoneos*]" = "iPhone Developer";
				COPY_PHASE_STRIP = NO;
				GCC_C_LANGUAGE_STANDARD = gnu99;
				GCC_DYNAMIC_NO_PIC = NO;
				GCC_OPTIMIZATION_LEVEL = 0;
				GCC_PREPROCESSOR_DEFINITIONS = (
					"DEBUG=1",
					"$(inherited)",
				);
				GCC_SYMBOLS_PRIVATE_EXTERN = NO;
				GCC_WARN_64_TO_32_BIT_CONVERSION = YES;
				GCC_WARN_ABOUT_RETURN_TYPE = YES_ERROR;
				GCC_WARN_UNDECLARED_SELECTOR = YES;
				GCC_WARN_UNINITIALIZED_AUTOS = YES_AGGRESSIVE;
				GCC_WARN_UNUSED_FUNCTION = YES;
				GCC_WARN_UNUSED_VARIABLE = YES;
				IPHONEOS_DEPLOYMENT_TARGET = 7.0;
				ONLY_ACTIVE_ARCH = YES;
				SDKROOT = iphoneos;
			};
			name = Debug;
		};
		456BB7BA196B21D100F2A75C /* Release */ = {
			isa = XCBuildConfiguration;
			buildSettings = {
				ALWAYS_SEARCH_USER_PATHS = NO;
				CLANG_CXX_LANGUAGE_STANDARD = "gnu++0x";
				CLANG_CXX_LIBRARY = "libc++";
				CLANG_ENABLE_MODULES = YES;
				CLANG_ENABLE_OBJC_ARC = YES;
				CLANG_WARN_BOOL_CONVERSION = YES;
				CLANG_WARN_CONSTANT_CONVERSION = YES;
				CLANG_WARN_DIRECT_OBJC_ISA_USAGE = YES_ERROR;
				CLANG_WARN_EMPTY_BODY = YES;
				CLANG_WARN_ENUM_CONVERSION = YES;
				CLANG_WARN_INT_CONVERSION = YES;
				CLANG_WARN_OBJC_ROOT_CLASS = YES_ERROR;
				CLANG_WARN__DUPLICATE_METHOD_MATCH = YES;
				"CODE_SIGN_IDENTITY[sdk=iphoneos*]" = "iPhone Developer";
				COPY_PHASE_STRIP = YES;
				ENABLE_NS_ASSERTIONS = NO;
				GCC_C_LANGUAGE_STANDARD = gnu99;
				GCC_WARN_64_TO_32_BIT_CONVERSION = YES;
				GCC_WARN_ABOUT_RETURN_TYPE = YES_ERROR;
				GCC_WARN_UNDECLARED_SELECTOR = YES;
				GCC_WARN_UNINITIALIZED_AUTOS = YES_AGGRESSIVE;
				GCC_WARN_UNUSED_FUNCTION = YES;
				GCC_WARN_UNUSED_VARIABLE = YES;
				IPHONEOS_DEPLOYMENT_TARGET = 7.0;
				SDKROOT = iphoneos;
				VALIDATE_PRODUCT = YES;
			};
			name = Release;
		};
		456BB7BC196B21D100F2A75C /* Debug */ = {
			isa = XCBuildConfiguration;
			buildSettings = {
				ASSETCATALOG_COMPILER_APPICON_NAME = AppIcon;
				ASSETCATALOG_COMPILER_LAUNCHIMAGE_NAME = LaunchImage;
				GCC_PRECOMPILE_PREFIX_HEADER = YES;
				GCC_PREFIX_HEADER = "BreakingBricks/Amazing Block-Prefix.pch";
				INFOPLIST_FILE = "BreakingBricks/Amazing Block-Info.plist";
				PRODUCT_NAME = "Amazing Block";
				SPRITEKIT_TEXTURE_ATLAS_OUTPUT = YES;
				WRAPPER_EXTENSION = app;
			};
			name = Debug;
		};
		456BB7BD196B21D100F2A75C /* Release */ = {
			isa = XCBuildConfiguration;
			buildSettings = {
				ASSETCATALOG_COMPILER_APPICON_NAME = AppIcon;
				ASSETCATALOG_COMPILER_LAUNCHIMAGE_NAME = LaunchImage;
				GCC_PRECOMPILE_PREFIX_HEADER = YES;
				GCC_PREFIX_HEADER = "BreakingBricks/Amazing Block-Prefix.pch";
				INFOPLIST_FILE = "BreakingBricks/Amazing Block-Info.plist";
				PRODUCT_NAME = "Amazing Block";
				SPRITEKIT_TEXTURE_ATLAS_OUTPUT = YES;
				WRAPPER_EXTENSION = app;
			};
			name = Release;
		};
		456BB7BF196B21D100F2A75C /* Debug */ = {
			isa = XCBuildConfiguration;
			buildSettings = {
				BUNDLE_LOADER = "$(BUILT_PRODUCTS_DIR)/BreakingBricks.app/BreakingBricks";
				FRAMEWORK_SEARCH_PATHS = (
					"$(SDKROOT)/Developer/Library/Frameworks",
					"$(inherited)",
					"$(DEVELOPER_FRAMEWORKS_DIR)",
				);
				GCC_PRECOMPILE_PREFIX_HEADER = YES;
				GCC_PREFIX_HEADER = "BreakingBricks/BreakingBricks-Prefix.pch";
				GCC_PREPROCESSOR_DEFINITIONS = (
					"DEBUG=1",
					"$(inherited)",
				);
				INFOPLIST_FILE = "BreakingBricksTests/Amazing BlockTests-Info.plist";
				PRODUCT_NAME = "Amazing BlockTests";
				TEST_HOST = "$(BUNDLE_LOADER)";
				WRAPPER_EXTENSION = xctest;
			};
			name = Debug;
		};
		456BB7C0196B21D100F2A75C /* Release */ = {
			isa = XCBuildConfiguration;
			buildSettings = {
				BUNDLE_LOADER = "$(BUILT_PRODUCTS_DIR)/BreakingBricks.app/BreakingBricks";
				FRAMEWORK_SEARCH_PATHS = (
					"$(SDKROOT)/Developer/Library/Frameworks",
					"$(inherited)",
					"$(DEVELOPER_FRAMEWORKS_DIR)",
				);
				GCC_PRECOMPILE_PREFIX_HEADER = YES;
				GCC_PREFIX_HEADER = "BreakingBricks/BreakingBricks-Prefix.pch";
				INFOPLIST_FILE = "BreakingBricksTests/Amazing BlockTests-Info.plist";
				PRODUCT_NAME = "Amazing BlockTests";
				TEST_HOST = "$(BUNDLE_LOADER)";
				WRAPPER_EXTENSION = xctest;
			};
			name = Release;
		};
/* End XCBuildConfiguration section */

/* Begin XCConfigurationList section */
		456BB77D196B21D000F2A75C /* Build configuration list for PBXProject "Amazing Block" */ = {
			isa = XCConfigurationList;
			buildConfigurations = (
				456BB7B9196B21D100F2A75C /* Debug */,
				456BB7BA196B21D100F2A75C /* Release */,
			);
			defaultConfigurationIsVisible = 0;
			defaultConfigurationName = Release;
		};
		456BB7BB196B21D100F2A75C /* Build configuration list for PBXNativeTarget "Amazing Block" */ = {
			isa = XCConfigurationList;
			buildConfigurations = (
				456BB7BC196B21D100F2A75C /* Debug */,
				456BB7BD196B21D100F2A75C /* Release */,
			);
			defaultConfigurationIsVisible = 0;
			defaultConfigurationName = Release;
		};
		456BB7BE196B21D100F2A75C /* Build configuration list for PBXNativeTarget "Amazing BlockTests" */ = {
			isa = XCConfigurationList;
			buildConfigurations = (
				456BB7BF196B21D100F2A75C /* Debug */,
				456BB7C0196B21D100F2A75C /* Release */,
			);
			defaultConfigurationIsVisible = 0;
			defaultConfigurationName = Release;
		};
/* End XCConfigurationList section */
	};
	rootObject = 456BB77A196B21D000F2A75C /* Project object */;
}
